
Microsoft Visual Studio Solution File, Format Version 12.00
# Visual Studio Version 17
VisualStudioVersion = 17.13.35931.197
MinimumVisualStudioVersion = 10.0.40219.1
Project("{FAE04EC0-301F-11D3-BF4B-00C04F79EFBC}") = "KingdomHeartsCustomMusic", "KingdomHeartsCustomMusic.csproj", "{128B813C-66A5-4414-8D4E-7FA3C8EBA103}"
EndProject
Global
	GlobalSection(SolutionConfigurationPlatforms) = preSolution
		Debug|Any CPU = Debug|Any CPU
		Release|Any CPU = Release|Any CPU
	EndGlobalSection
	GlobalSection(ProjectConfigurationPlatforms) = postSolution
		{128B813C-66A5-4414-8D4E-7FA3C8EBA103}.Debug|Any CPU.ActiveCfg = Debug|Any CPU
		{128B813C-66A5-4414-8D4E-7FA3C8EBA103}.Debug|Any CPU.Build.0 = Debug|Any CPU
		{128B813C-66A5-4414-8D4E-7FA3C8EBA103}.Release|Any CPU.ActiveCfg = Release|Any CPU
		{128B813C-66A5-4414-8D4E-7FA3C8EBA103}.Release|Any CPU.Build.0 = Release|Any CPU
	EndGlobalSection
	GlobalSection(SolutionProperties) = preSolution
		HideSolutionNode = FALSE
	EndGlobalSection
	GlobalSection(ExtensibilityGlobals) = postSolution
		SolutionGuid = {2429301B-EA32-4E99-87AD-B1A229356032}
	EndGlobalSection
EndGlobal
